<Solution>
  <Folder Name="/src/" />
  <Folder Name="/src/Backend/">
    <Project Path="src/Backend/MyRecipeBook.API/MyRecipeBook.API.csproj" Id="73e262a0-4649-430b-bee9-173f14fc007a" />
    <Project Path="src/Backend/MyRecipeBook.Application/MyRecipeBook.Application.csproj" Id="cadd65ff-f6ba-4cf0-8cf1-b3e4c7169fbb" />
    <Project Path="src/Backend/MyRecipeBook.Domain/MyRecipeBook.Domain.csproj" Id="e5a345bf-bf8a-4acb-9310-96f865bcea20" />
    <Project Path="src/Backend/MyRecipeBook.Infrastructure/MyRecipeBook.Infrastructure.csproj" Id="111c67d5-788b-4693-b6a8-0c3f03a95243" />
  </Folder>
  <Folder Name="/src/Shared/">
    <Project Path="src/Shared/MyRecipeBook.Communication/MyRecipeBook.Communication.csproj" Id="515c69c8-84c2-4756-ad5e-5c6e233dc3c2" />
    <Project Path="src/Shared/MyRecipeBook.Exception/MyRecipeBook.Exception.csproj" Id="0d5db8f3-c242-4b28-9450-87dac5eecc98" />
  </Folder>
  <Folder Name="/tests/">
    <Project Path="tests/CommonTestUtilities/CommonTestUtilities.csproj" Id="d362fd15-0152-4a1e-95b2-27a8bd23458f" />
    <Project Path="tests/Validators.Tests/Validators.Tests.csproj" Id="858448e1-a400-4ef1-bc2c-6b8ce2c8f829" />
  </Folder>
</Solution>
